{
  "name": "New folder",
  "lockfileVersion": 2,
  "requires": true,
  "packages": {
    "": {
      "dependencies": {
        "ngx-ui-loader": "^1.2.0"
      }
    },
    "node_modules/@angular/common": {
      "version": "15.1.1",
      "resolved": "https://registry.npmjs.org/@angular/common/-/common-15.1.1.tgz",
      "integrity": "sha512-P4f2rK/YBQQT4clQrcQ9goLf53RS63Q1x2d1dvz7Syr3gcOUyxO7NZQ7Au5afzvbIKZ5Okd+X0+TCGV4q9wQjw==",
      "peer": true,
      "dependencies": {
        "tslib": "^2.3.0"
      },
      "engines": {
        "node": "^14.20.0 || ^16.13.0 || >=18.10.0"
      },
      "peerDependencies": {
        "@angular/core": "15.1.1",
        "rxjs": "^6.5.3 || ^7.4.0"
      }
    },
    "node_modules/@angular/core": {
      "version": "15.1.1",
      "resolved": "https://registry.npmjs.org/@angular/core/-/core-15.1.1.tgz",
      "integrity": "sha512-nsz+IXdkQanAGhqA2vcwTrGGyw5zIm3TgtYQ/JqK185qkmlhsQfSRvdSPsFPhmIFYp9ngZVUbkhY3D4P3gDzIg==",
      "peer": true,
      "dependencies": {
        "tslib": "^2.3.0"
      },
      "engines": {
        "node": "^14.20.0 || ^16.13.0 || >=18.10.0"
      },
      "peerDependencies": {
        "rxjs": "^6.5.3 || ^7.4.0",
        "zone.js": "~0.11.4 || ~0.12.0"
      }
    },
    "node_modules/ngx-ui-loader": {
      "version": "1.2.0",
      "resolved": "https://registry.npmjs.org/ngx-ui-loader/-/ngx-ui-loader-1.2.0.tgz",
      "integrity": "sha512-F7/4Sx5IZpepi6L/pEdClhcdqb3heGUFcQ8YH/6A2PYhmSbHit6RJIgmYdO6S0Y/DmVb/KylKJy4soUA+/D00Q==",
      "dependencies": {
        "tslib": "^1.9.0"
      },
      "peerDependencies": {
        "@angular/common": ">=4.4.0",
        "@angular/core": ">=4.4.0"
      }
    },
    "node_modules/ngx-ui-loader/node_modules/tslib": {
      "version": "1.14.1",
      "resolved": "https://registry.npmjs.org/tslib/-/tslib-1.14.1.tgz",
      "integrity": "sha512-Xni35NKzjgMrwevysHTCArtLDpPvye8zV/0E4EyYn43P7/7qvQwPh9BGkHewbMulVntbigmcT7rdX3BNo9wRJg=="
    },
    "node_modules/rxjs": {
      "version": "7.8.0",
      "resolved": "https://registry.npmjs.org/rxjs/-/rxjs-7.8.0.tgz",
      "integrity": "sha512-F2+gxDshqmIub1KdvZkaEfGDwLNpPvk9Fs6LD/MyQxNgMds/WH9OdDDXOmxUZpME+iSK3rQCctkL0DYyytUqMg==",
      "peer": true,
      "dependencies": {
        "tslib": "^2.1.0"
      }
    },
    "node_modules/tslib": {
      "version": "2.4.1",
      "resolved": "https://registry.npmjs.org/tslib/-/tslib-2.4.1.tgz",
      "integrity": "sha512-tGyy4dAjRIEwI7BzsB0lynWgOpfqjUdq91XXAlIWD2OwKBH7oCl/GZG/HT4BOHrTlPMOASlMQ7veyTqpmRcrNA==",
      "peer": true
    },
    "node_modules/zone.js": {
      "version": "0.12.0",
      "resolved": "https://registry.npmjs.org/zone.js/-/zone.js-0.12.0.tgz",
      "integrity": "sha512-XtC+I5dXU14HrzidAKBNMqneIVUykLEAA1x+v4KVrd6AUPWlwYORF8KgsVqvgdHiKZ4BkxxjvYi/ksEixTPR0Q==",
      "peer": true,
      "dependencies": {
        "tslib": "^2.3.0"
      }
    }
  },
  "dependencies": {
    "@angular/common": {
      "version": "15.1.1",
      "resolved": "https://registry.npmjs.org/@angular/common/-/common-15.1.1.tgz",
      "integrity": "sha512-P4f2rK/YBQQT4clQrcQ9goLf53RS63Q1x2d1dvz7Syr3gcOUyxO7NZQ7Au5afzvbIKZ5Okd+X0+TCGV4q9wQjw==",
      "peer": true,
      "requires": {
        "tslib": "^2.3.0"
      }
    },
    "@angular/core": {
      "version": "15.1.1",
      "resolved": "https://registry.npmjs.org/@angular/core/-/core-15.1.1.tgz",
      "integrity": "sha512-nsz+IXdkQanAGhqA2vcwTrGGyw5zIm3TgtYQ/JqK185qkmlhsQfSRvdSPsFPhmIFYp9ngZVUbkhY3D4P3gDzIg==",
      "peer": true,
      "requires": {
        "tslib": "^2.3.0"
      }
    },
    "ngx-ui-loader": {
      "version": "1.2.0",
      "resolved": "https://registry.npmjs.org/ngx-ui-loader/-/ngx-ui-loader-1.2.0.tgz",
      "integrity": "sha512-F7/4Sx5IZpepi6L/pEdClhcdqb3heGUFcQ8YH/6A2PYhmSbHit6RJIgmYdO6S0Y/DmVb/KylKJy4soUA+/D00Q==",
      "requires": {
        "tslib": "^1.9.0"
      },
      "dependencies": {
        "tslib": {
          "version": "1.14.1",
          "resolved": "https://registry.npmjs.org/tslib/-/tslib-1.14.1.tgz",
          "integrity": "sha512-Xni35NKzjgMrwevysHTCArtLDpPvye8zV/0E4EyYn43P7/7qvQwPh9BGkHewbMulVntbigmcT7rdX3BNo9wRJg=="
        }
      }
    },
    "rxjs": {
      "version": "7.8.0",
      "resolved": "https://registry.npmjs.org/rxjs/-/rxjs-7.8.0.tgz",
      "integrity": "sha512-F2+gxDshqmIub1KdvZkaEfGDwLNpPvk9Fs6LD/MyQxNgMds/WH9OdDDXOmxUZpME+iSK3rQCctkL0DYyytUqMg==",
      "peer": true,
      "requires": {
        "tslib": "^2.1.0"
      }
    },
    "tslib": {
      "version": "2.4.1",
      "resolved": "https://registry.npmjs.org/tslib/-/tslib-2.4.1.tgz",
      "integrity": "sha512-tGyy4dAjRIEwI7BzsB0lynWgOpfqjUdq91XXAlIWD2OwKBH7oCl/GZG/HT4BOHrTlPMOASlMQ7veyTqpmRcrNA==",
      "peer": true
    },
    "zone.js": {
      "version": "0.12.0",
      "resolved": "https://registry.npmjs.org/zone.js/-/zone.js-0.12.0.tgz",
      "integrity": "sha512-XtC+I5dXU14HrzidAKBNMqneIVUykLEAA1x+v4KVrd6AUPWlwYORF8KgsVqvgdHiKZ4BkxxjvYi/ksEixTPR0Q==",
      "peer": true,
      "requires": {
        "tslib": "^2.3.0"
      }
    }
  }
}
